// !$*UTF8*$!
{
	archiveVersion = 1;
	classes = {
	};
	objectVersion = 56;
	objects = {

/* Begin PBXBuildFile section */
		8E01032C2BFB574100175A55 /* SearchEntity.swift in Sources */ = {isa = PBXBuildFile; fileRef = 8E01032B2BFB574100175A55 /* SearchEntity.swift */; };
		8E2453022BF761B3004EB92F /* AppDelegate.swift in Sources */ = {isa = PBXBuildFile; fileRef = 8E2453012BF761B3004EB92F /* AppDelegate.swift */; };
		8E2453042BF761B3004EB92F /* SceneDelegate.swift in Sources */ = {isa = PBXBuildFile; fileRef = 8E2453032BF761B3004EB92F /* SceneDelegate.swift */; };
		8E2453092BF761B3004EB92F /* Base in Resources */ = {isa = PBXBuildFile; fileRef = 8E2453082BF761B3004EB92F /* Base */; };
		8E24530C2BF761B3004EB92F /* DictionaryApp.xcdatamodeld in Sources */ = {isa = PBXBuildFile; fileRef = 8E24530A2BF761B3004EB92F /* DictionaryApp.xcdatamodeld */; };
		8E24530E2BF761B3004EB92F /* Assets.xcassets in Resources */ = {isa = PBXBuildFile; fileRef = 8E24530D2BF761B3004EB92F /* Assets.xcassets */; };
		8E2453112BF761B3004EB92F /* Base in Resources */ = {isa = PBXBuildFile; fileRef = 8E2453102BF761B3004EB92F /* Base */; };
		8E24531C2BF761B3004EB92F /* DictionaryAppTests.swift in Sources */ = {isa = PBXBuildFile; fileRef = 8E24531B2BF761B3004EB92F /* DictionaryAppTests.swift */; };
		8E2453262BF761B3004EB92F /* DictionaryAppUITests.swift in Sources */ = {isa = PBXBuildFile; fileRef = 8E2453252BF761B3004EB92F /* DictionaryAppUITests.swift */; };
		8E2453282BF761B3004EB92F /* DictionaryAppUITestsLaunchTests.swift in Sources */ = {isa = PBXBuildFile; fileRef = 8E2453272BF761B3004EB92F /* DictionaryAppUITestsLaunchTests.swift */; };
		8E2453362BF761E7004EB92F /* DictionaryAPI in Frameworks */ = {isa = PBXBuildFile; productRef = 8E2453352BF761E7004EB92F /* DictionaryAPI */; };
		8E3925B32BF776E1004F65E7 /* SplashPresenter.swift in Sources */ = {isa = PBXBuildFile; fileRef = 8E3925B22BF776E1004F65E7 /* SplashPresenter.swift */; };
		8E3925B52BF776F3004F65E7 /* SplashInteractor.swift in Sources */ = {isa = PBXBuildFile; fileRef = 8E3925B42BF776F3004F65E7 /* SplashInteractor.swift */; };
		8E3925B72BF776FF004F65E7 /* SplashRouter.swift in Sources */ = {isa = PBXBuildFile; fileRef = 8E3925B62BF776FF004F65E7 /* SplashRouter.swift */; };
		8E3925BB2BF77746004F65E7 /* DetailPresenter.swift in Sources */ = {isa = PBXBuildFile; fileRef = 8E3925BA2BF77746004F65E7 /* DetailPresenter.swift */; };
		8E3925BD2BF77751004F65E7 /* DetailInteractor.swift in Sources */ = {isa = PBXBuildFile; fileRef = 8E3925BC2BF77751004F65E7 /* DetailInteractor.swift */; };
		8E3925BF2BF7775A004F65E7 /* DetailRouter.swift in Sources */ = {isa = PBXBuildFile; fileRef = 8E3925BE2BF7775A004F65E7 /* DetailRouter.swift */; };
		8E3925C32BF77771004F65E7 /* SearchPresenter.swift in Sources */ = {isa = PBXBuildFile; fileRef = 8E3925C22BF77771004F65E7 /* SearchPresenter.swift */; };
		8E3925C52BF7777D004F65E7 /* SearchInteractor.swift in Sources */ = {isa = PBXBuildFile; fileRef = 8E3925C42BF7777D004F65E7 /* SearchInteractor.swift */; };
		8E3925C72BF7778C004F65E7 /* SearchRouter.swift in Sources */ = {isa = PBXBuildFile; fileRef = 8E3925C62BF7778C004F65E7 /* SearchRouter.swift */; };
		8E48FA5F2BFB76C1005A6C1F /* LoadingShowable.swift in Sources */ = {isa = PBXBuildFile; fileRef = 8E48FA5E2BFB76C1005A6C1F /* LoadingShowable.swift */; };
		8E48FA612BFB76FC005A6C1F /* LoadingView.swift in Sources */ = {isa = PBXBuildFile; fileRef = 8E48FA602BFB76FC005A6C1F /* LoadingView.swift */; };
		8E48FA632BFB7767005A6C1F /* UITableView.swift in Sources */ = {isa = PBXBuildFile; fileRef = 8E48FA622BFB7767005A6C1F /* UITableView.swift */; };
		8E48FA652BFB7776005A6C1F /* UITableViewCell.swift in Sources */ = {isa = PBXBuildFile; fileRef = 8E48FA642BFB7776005A6C1F /* UITableViewCell.swift */; };
		8E66002C2BFF7919005178AE /* SynonymCell.xib in Resources */ = {isa = PBXBuildFile; fileRef = 8E66002B2BFF7919005178AE /* SynonymCell.xib */; };
		8E66002D2BFF7919005178AE /* SynonymCell.swift in Sources */ = {isa = PBXBuildFile; fileRef = 8E66002A2BFF7919005178AE /* SynonymCell.swift */; };
		8EA0688C2BF77ABF00A598FF /* BaseViewController.swift in Sources */ = {isa = PBXBuildFile; fileRef = 8EA0688B2BF77ABF00A598FF /* BaseViewController.swift */; };
		8EA0688F2BF784DD00A598FF /* SplashViewController.swift in Sources */ = {isa = PBXBuildFile; fileRef = 8EA0688D2BF784DD00A598FF /* SplashViewController.swift */; };
		8EA068902BF784DD00A598FF /* SplashViewController.xib in Resources */ = {isa = PBXBuildFile; fileRef = 8EA0688E2BF784DD00A598FF /* SplashViewController.xib */; };
		8EA068932BF787CF00A598FF /* SearchViewController.swift in Sources */ = {isa = PBXBuildFile; fileRef = 8EA068912BF787CF00A598FF /* SearchViewController.swift */; };
		8EA1C8BA2BF92BB7007D8036 /* DetailViewController.xib in Resources */ = {isa = PBXBuildFile; fileRef = 8EA1C8B92BF92BB7007D8036 /* DetailViewController.xib */; };
		8EA1C8BB2BF92BB7007D8036 /* DetailViewController.swift in Sources */ = {isa = PBXBuildFile; fileRef = 8EA1C8B82BF92BB7007D8036 /* DetailViewController.swift */; };
		8EF4DB122BFCAE01008957C7 /* DetailViewCell.swift in Sources */ = {isa = PBXBuildFile; fileRef = 8EF4DB102BFCAE01008957C7 /* DetailViewCell.swift */; };
		8EF4DB132BFCAE01008957C7 /* DetailViewCell.xib in Resources */ = {isa = PBXBuildFile; fileRef = 8EF4DB112BFCAE01008957C7 /* DetailViewCell.xib */; };
/* End PBXBuildFile section */

/* Begin PBXContainerItemProxy section */
		8E2453182BF761B3004EB92F /* PBXContainerItemProxy */ = {
			isa = PBXContainerItemProxy;
			containerPortal = 8E2452F62BF761B3004EB92F /* Project object */;
			proxyType = 1;
			remoteGlobalIDString = 8E2452FD2BF761B3004EB92F;
			remoteInfo = DictionaryApp;
		};
		8E2453222BF761B3004EB92F /* PBXContainerItemProxy */ = {
			isa = PBXContainerItemProxy;
			containerPortal = 8E2452F62BF761B3004EB92F /* Project object */;
			proxyType = 1;
			remoteGlobalIDString = 8E2452FD2BF761B3004EB92F;
			remoteInfo = DictionaryApp;
		};
/* End PBXContainerItemProxy section */

/* Begin PBXFileReference section */
		8E01032B2BFB574100175A55 /* SearchEntity.swift */ = {isa = PBXFileReference; lastKnownFileType = sourcecode.swift; path = SearchEntity.swift; sourceTree = "<group>"; };
		8E2452FE2BF761B3004EB92F /* DictionaryApp.app */ = {isa = PBXFileReference; explicitFileType = wrapper.application; includeInIndex = 0; path = DictionaryApp.app; sourceTree = BUILT_PRODUCTS_DIR; };
		8E2453012BF761B3004EB92F /* AppDelegate.swift */ = {isa = PBXFileReference; lastKnownFileType = sourcecode.swift; path = AppDelegate.swift; sourceTree = "<group>"; };
		8E2453032BF761B3004EB92F /* SceneDelegate.swift */ = {isa = PBXFileReference; lastKnownFileType = sourcecode.swift; path = SceneDelegate.swift; sourceTree = "<group>"; };
		8E2453082BF761B3004EB92F /* Base */ = {isa = PBXFileReference; lastKnownFileType = file.storyboard; name = Base; path = Base.lproj/Main.storyboard; sourceTree = "<group>"; };
		8E24530B2BF761B3004EB92F /* DictionaryApp.xcdatamodel */ = {isa = PBXFileReference; lastKnownFileType = wrapper.xcdatamodel; path = DictionaryApp.xcdatamodel; sourceTree = "<group>"; };
		8E24530D2BF761B3004EB92F /* Assets.xcassets */ = {isa = PBXFileReference; lastKnownFileType = folder.assetcatalog; path = Assets.xcassets; sourceTree = "<group>"; };
		8E2453102BF761B3004EB92F /* Base */ = {isa = PBXFileReference; lastKnownFileType = file.storyboard; name = Base; path = Base.lproj/LaunchScreen.storyboard; sourceTree = "<group>"; };
		8E2453122BF761B3004EB92F /* Info.plist */ = {isa = PBXFileReference; lastKnownFileType = text.plist.xml; path = Info.plist; sourceTree = "<group>"; };
		8E2453172BF761B3004EB92F /* DictionaryAppTests.xctest */ = {isa = PBXFileReference; explicitFileType = wrapper.cfbundle; includeInIndex = 0; path = DictionaryAppTests.xctest; sourceTree = BUILT_PRODUCTS_DIR; };
		8E24531B2BF761B3004EB92F /* DictionaryAppTests.swift */ = {isa = PBXFileReference; lastKnownFileType = sourcecode.swift; path = DictionaryAppTests.swift; sourceTree = "<group>"; };
		8E2453212BF761B3004EB92F /* DictionaryAppUITests.xctest */ = {isa = PBXFileReference; explicitFileType = wrapper.cfbundle; includeInIndex = 0; path = DictionaryAppUITests.xctest; sourceTree = BUILT_PRODUCTS_DIR; };
		8E2453252BF761B3004EB92F /* DictionaryAppUITests.swift */ = {isa = PBXFileReference; lastKnownFileType = sourcecode.swift; path = DictionaryAppUITests.swift; sourceTree = "<group>"; };
		8E2453272BF761B3004EB92F /* DictionaryAppUITestsLaunchTests.swift */ = {isa = PBXFileReference; lastKnownFileType = sourcecode.swift; path = DictionaryAppUITestsLaunchTests.swift; sourceTree = "<group>"; };
		8E3925B22BF776E1004F65E7 /* SplashPresenter.swift */ = {isa = PBXFileReference; lastKnownFileType = sourcecode.swift; path = SplashPresenter.swift; sourceTree = "<group>"; };
		8E3925B42BF776F3004F65E7 /* SplashInteractor.swift */ = {isa = PBXFileReference; lastKnownFileType = sourcecode.swift; path = SplashInteractor.swift; sourceTree = "<group>"; };
		8E3925B62BF776FF004F65E7 /* SplashRouter.swift */ = {isa = PBXFileReference; lastKnownFileType = sourcecode.swift; path = SplashRouter.swift; sourceTree = "<group>"; };
		8E3925BA2BF77746004F65E7 /* DetailPresenter.swift */ = {isa = PBXFileReference; lastKnownFileType = sourcecode.swift; path = DetailPresenter.swift; sourceTree = "<group>"; };
		8E3925BC2BF77751004F65E7 /* DetailInteractor.swift */ = {isa = PBXFileReference; lastKnownFileType = sourcecode.swift; path = DetailInteractor.swift; sourceTree = "<group>"; };
		8E3925BE2BF7775A004F65E7 /* DetailRouter.swift */ = {isa = PBXFileReference; lastKnownFileType = sourcecode.swift; path = DetailRouter.swift; sourceTree = "<group>"; };
		8E3925C22BF77771004F65E7 /* SearchPresenter.swift */ = {isa = PBXFileReference; lastKnownFileType = sourcecode.swift; path = SearchPresenter.swift; sourceTree = "<group>"; };
		8E3925C42BF7777D004F65E7 /* SearchInteractor.swift */ = {isa = PBXFileReference; lastKnownFileType = sourcecode.swift; path = SearchInteractor.swift; sourceTree = "<group>"; };
		8E3925C62BF7778C004F65E7 /* SearchRouter.swift */ = {isa = PBXFileReference; lastKnownFileType = sourcecode.swift; path = SearchRouter.swift; sourceTree = "<group>"; };
		8E48FA5E2BFB76C1005A6C1F /* LoadingShowable.swift */ = {isa = PBXFileReference; lastKnownFileType = sourcecode.swift; path = LoadingShowable.swift; sourceTree = "<group>"; };
		8E48FA602BFB76FC005A6C1F /* LoadingView.swift */ = {isa = PBXFileReference; lastKnownFileType = sourcecode.swift; path = LoadingView.swift; sourceTree = "<group>"; };
		8E48FA622BFB7767005A6C1F /* UITableView.swift */ = {isa = PBXFileReference; lastKnownFileType = sourcecode.swift; path = UITableView.swift; sourceTree = "<group>"; };
		8E48FA642BFB7776005A6C1F /* UITableViewCell.swift */ = {isa = PBXFileReference; lastKnownFileType = sourcecode.swift; path = UITableViewCell.swift; sourceTree = "<group>"; };
		8E66002A2BFF7919005178AE /* SynonymCell.swift */ = {isa = PBXFileReference; lastKnownFileType = sourcecode.swift; path = SynonymCell.swift; sourceTree = "<group>"; };
		8E66002B2BFF7919005178AE /* SynonymCell.xib */ = {isa = PBXFileReference; lastKnownFileType = file.xib; path = SynonymCell.xib; sourceTree = "<group>"; };
		8EA0688B2BF77ABF00A598FF /* BaseViewController.swift */ = {isa = PBXFileReference; lastKnownFileType = sourcecode.swift; path = BaseViewController.swift; sourceTree = "<group>"; };
		8EA0688D2BF784DD00A598FF /* SplashViewController.swift */ = {isa = PBXFileReference; lastKnownFileType = sourcecode.swift; path = SplashViewController.swift; sourceTree = "<group>"; };
		8EA0688E2BF784DD00A598FF /* SplashViewController.xib */ = {isa = PBXFileReference; lastKnownFileType = file.xib; path = SplashViewController.xib; sourceTree = "<group>"; };
		8EA068912BF787CF00A598FF /* SearchViewController.swift */ = {isa = PBXFileReference; lastKnownFileType = sourcecode.swift; path = SearchViewController.swift; sourceTree = "<group>"; };
		8EA1C8B82BF92BB7007D8036 /* DetailViewController.swift */ = {isa = PBXFileReference; lastKnownFileType = sourcecode.swift; path = DetailViewController.swift; sourceTree = "<group>"; };
		8EA1C8B92BF92BB7007D8036 /* DetailViewController.xib */ = {isa = PBXFileReference; lastKnownFileType = file.xib; path = DetailViewController.xib; sourceTree = "<group>"; };
		8EF4DB102BFCAE01008957C7 /* DetailViewCell.swift */ = {isa = PBXFileReference; lastKnownFileType = sourcecode.swift; path = DetailViewCell.swift; sourceTree = "<group>"; };
		8EF4DB112BFCAE01008957C7 /* DetailViewCell.xib */ = {isa = PBXFileReference; lastKnownFileType = file.xib; path = DetailViewCell.xib; sourceTree = "<group>"; };
/* End PBXFileReference section */

/* Begin PBXFrameworksBuildPhase section */
		8E2452FB2BF761B3004EB92F /* Frameworks */ = {
			isa = PBXFrameworksBuildPhase;
			buildActionMask = 2147483647;
			files = (
				8E2453362BF761E7004EB92F /* DictionaryAPI in Frameworks */,
			);
			runOnlyForDeploymentPostprocessing = 0;
		};
		8E2453142BF761B3004EB92F /* Frameworks */ = {
			isa = PBXFrameworksBuildPhase;
			buildActionMask = 2147483647;
			files = (
			);
			runOnlyForDeploymentPostprocessing = 0;
		};
		8E24531E2BF761B3004EB92F /* Frameworks */ = {
			isa = PBXFrameworksBuildPhase;
			buildActionMask = 2147483647;
			files = (
			);
			runOnlyForDeploymentPostprocessing = 0;
		};
/* End PBXFrameworksBuildPhase section */

/* Begin PBXGroup section */
		8E2452F52BF761B3004EB92F = {
			isa = PBXGroup;
			children = (
				8E2453002BF761B3004EB92F /* DictionaryApp */,
				8E24531A2BF761B3004EB92F /* DictionaryAppTests */,
				8E2453242BF761B3004EB92F /* DictionaryAppUITests */,
				8E2452FF2BF761B3004EB92F /* Products */,
				8E2453342BF761E7004EB92F /* Frameworks */,
			);
			sourceTree = "<group>";
		};
		8E2452FF2BF761B3004EB92F /* Products */ = {
			isa = PBXGroup;
			children = (
				8E2452FE2BF761B3004EB92F /* DictionaryApp.app */,
				8E2453172BF761B3004EB92F /* DictionaryAppTests.xctest */,
				8E2453212BF761B3004EB92F /* DictionaryAppUITests.xctest */,
			);
			name = Products;
			sourceTree = "<group>";
		};
		8E2453002BF761B3004EB92F /* DictionaryApp */ = {
			isa = PBXGroup;
			children = (
				8E3925A82BF775F4004F65E7 /* Modules */,
				8E3925A52BF77495004F65E7 /* App */,
				8E3925AC2BF7761F004F65E7 /* View */,
				8E3925AB2BF7761A004F65E7 /* Utils */,
				8E3925AA2BF7760A004F65E7 /* Cell */,
				8E3925A92BF77601004F65E7 /* Extension */,
				8E3925A62BF774A2004F65E7 /* Resources */,
				8E2453122BF761B3004EB92F /* Info.plist */,
			);
			path = DictionaryApp;
			sourceTree = "<group>";
		};
		8E24531A2BF761B3004EB92F /* DictionaryAppTests */ = {
			isa = PBXGroup;
			children = (
				8E24531B2BF761B3004EB92F /* DictionaryAppTests.swift */,
			);
			path = DictionaryAppTests;
			sourceTree = "<group>";
		};
		8E2453242BF761B3004EB92F /* DictionaryAppUITests */ = {
			isa = PBXGroup;
			children = (
				8E2453252BF761B3004EB92F /* DictionaryAppUITests.swift */,
				8E2453272BF761B3004EB92F /* DictionaryAppUITestsLaunchTests.swift */,
			);
			path = DictionaryAppUITests;
			sourceTree = "<group>";
		};
		8E2453342BF761E7004EB92F /* Frameworks */ = {
			isa = PBXGroup;
			children = (
			);
			name = Frameworks;
			sourceTree = "<group>";
		};
		8E3925A52BF77495004F65E7 /* App */ = {
			isa = PBXGroup;
			children = (
				8E2453012BF761B3004EB92F /* AppDelegate.swift */,
				8E2453032BF761B3004EB92F /* SceneDelegate.swift */,
			);
			path = App;
			sourceTree = "<group>";
		};
		8E3925A62BF774A2004F65E7 /* Resources */ = {
			isa = PBXGroup;
			children = (
				8E3925A72BF774AB004F65E7 /* Storyboard */,
				8E24530D2BF761B3004EB92F /* Assets.xcassets */,
				8E24530A2BF761B3004EB92F /* DictionaryApp.xcdatamodeld */,
			);
			path = Resources;
			sourceTree = "<group>";
		};
		8E3925A72BF774AB004F65E7 /* Storyboard */ = {
			isa = PBXGroup;
			children = (
				8E2453072BF761B3004EB92F /* Main.storyboard */,
				8E24530F2BF761B3004EB92F /* LaunchScreen.storyboard */,
			);
			path = Storyboard;
			sourceTree = "<group>";
		};
		8E3925A82BF775F4004F65E7 /* Modules */ = {
			isa = PBXGroup;
			children = (
				8EA0688A2BF77AB000A598FF /* Base */,
				8E3925AF2BF77687004F65E7 /* Splash */,
				8E3925AD2BF7767C004F65E7 /* Search */,
				8E3925AE2BF77682004F65E7 /* Detail */,
			);
			path = Modules;
			sourceTree = "<group>";
		};
		8E3925A92BF77601004F65E7 /* Extension */ = {
			isa = PBXGroup;
			children = (
				8E48FA622BFB7767005A6C1F /* UITableView.swift */,
				8E48FA642BFB7776005A6C1F /* UITableViewCell.swift */,
			);
			path = Extension;
			sourceTree = "<group>";
		};
		8E3925AA2BF7760A004F65E7 /* Cell */ = {
			isa = PBXGroup;
			children = (
				8E57E9662BFFDE070011F5BF /* Detail */,
				8E57E9672BFFDE170011F5BF /* Synonym */,
			);
			path = Cell;
			sourceTree = "<group>";
		};
		8E3925AB2BF7761A004F65E7 /* Utils */ = {
			isa = PBXGroup;
			children = (
				8E48FA5E2BFB76C1005A6C1F /* LoadingShowable.swift */,
			);
			path = Utils;
			sourceTree = "<group>";
		};
		8E3925AC2BF7761F004F65E7 /* View */ = {
			isa = PBXGroup;
			children = (
				8E48FA602BFB76FC005A6C1F /* LoadingView.swift */,
			);
			path = View;
			sourceTree = "<group>";
		};
		8E3925AD2BF7767C004F65E7 /* Search */ = {
			isa = PBXGroup;
			children = (
				8EA068912BF787CF00A598FF /* SearchViewController.swift */,
				8E3925C42BF7777D004F65E7 /* SearchInteractor.swift */,
				8E3925C22BF77771004F65E7 /* SearchPresenter.swift */,
				8E01032B2BFB574100175A55 /* SearchEntity.swift */,
				8E3925C62BF7778C004F65E7 /* SearchRouter.swift */,
			);
			path = Search;
			sourceTree = "<group>";
		};
		8E3925AE2BF77682004F65E7 /* Detail */ = {
			isa = PBXGroup;
			children = (
				8EA1C8B82BF92BB7007D8036 /* DetailViewController.swift */,
				8EA1C8B92BF92BB7007D8036 /* DetailViewController.xib */,
				8E3925BC2BF77751004F65E7 /* DetailInteractor.swift */,
				8E3925BA2BF77746004F65E7 /* DetailPresenter.swift */,
				8E3925BE2BF7775A004F65E7 /* DetailRouter.swift */,
			);
			path = Detail;
			sourceTree = "<group>";
		};
		8E3925AF2BF77687004F65E7 /* Splash */ = {
			isa = PBXGroup;
			children = (
				8EA0688D2BF784DD00A598FF /* SplashViewController.swift */,
				8EA0688E2BF784DD00A598FF /* SplashViewController.xib */,
				8E3925B42BF776F3004F65E7 /* SplashInteractor.swift */,
				8E3925B22BF776E1004F65E7 /* SplashPresenter.swift */,
				8E3925B62BF776FF004F65E7 /* SplashRouter.swift */,
			);
			path = Splash;
			sourceTree = "<group>";
		};
		8E57E9662BFFDE070011F5BF /* Detail */ = {
			isa = PBXGroup;
			children = (
				8EF4DB102BFCAE01008957C7 /* DetailViewCell.swift */,
				8EF4DB112BFCAE01008957C7 /* DetailViewCell.xib */,
			);
			path = Detail;
			sourceTree = "<group>";
		};
		8E57E9672BFFDE170011F5BF /* Synonym */ = {
			isa = PBXGroup;
			children = (
				8E66002A2BFF7919005178AE /* SynonymCell.swift */,
				8E66002B2BFF7919005178AE /* SynonymCell.xib */,
			);
			path = Synonym;
			sourceTree = "<group>";
		};
		8EA0688A2BF77AB000A598FF /* Base */ = {
			isa = PBXGroup;
			children = (
				8EA0688B2BF77ABF00A598FF /* BaseViewController.swift */,
			);
			path = Base;
			sourceTree = "<group>";
		};
/* End PBXGroup section */

/* Begin PBXNativeTarget section */
		8E2452FD2BF761B3004EB92F /* DictionaryApp */ = {
			isa = PBXNativeTarget;
			buildConfigurationList = 8E24532B2BF761B3004EB92F /* Build configuration list for PBXNativeTarget "DictionaryApp" */;
			buildPhases = (
				8E2452FA2BF761B3004EB92F /* Sources */,
				8E2452FB2BF761B3004EB92F /* Frameworks */,
				8E2452FC2BF761B3004EB92F /* Resources */,
			);
			buildRules = (
			);
			dependencies = (
			);
			name = DictionaryApp;
			packageProductDependencies = (
				8E2453352BF761E7004EB92F /* DictionaryAPI */,
			);
			productName = DictionaryApp;
			productReference = 8E2452FE2BF761B3004EB92F /* DictionaryApp.app */;
			productType = "com.apple.product-type.application";
		};
		8E2453162BF761B3004EB92F /* DictionaryAppTests */ = {
			isa = PBXNativeTarget;
			buildConfigurationList = 8E24532E2BF761B3004EB92F /* Build configuration list for PBXNativeTarget "DictionaryAppTests" */;
			buildPhases = (
				8E2453132BF761B3004EB92F /* Sources */,
				8E2453142BF761B3004EB92F /* Frameworks */,
				8E2453152BF761B3004EB92F /* Resources */,
			);
			buildRules = (
			);
			dependencies = (
				8E2453192BF761B3004EB92F /* PBXTargetDependency */,
			);
			name = DictionaryAppTests;
			productName = DictionaryAppTests;
			productReference = 8E2453172BF761B3004EB92F /* DictionaryAppTests.xctest */;
			productType = "com.apple.product-type.bundle.unit-test";
		};
		8E2453202BF761B3004EB92F /* DictionaryAppUITests */ = {
			isa = PBXNativeTarget;
			buildConfigurationList = 8E2453312BF761B3004EB92F /* Build configuration list for PBXNativeTarget "DictionaryAppUITests" */;
			buildPhases = (
				8E24531D2BF761B3004EB92F /* Sources */,
				8E24531E2BF761B3004EB92F /* Frameworks */,
				8E24531F2BF761B3004EB92F /* Resources */,
			);
			buildRules = (
			);
			dependencies = (
				8E2453232BF761B3004EB92F /* PBXTargetDependency */,
			);
			name = DictionaryAppUITests;
			productName = DictionaryAppUITests;
			productReference = 8E2453212BF761B3004EB92F /* DictionaryAppUITests.xctest */;
			productType = "com.apple.product-type.bundle.ui-testing";
		};
/* End PBXNativeTarget section */

/* Begin PBXProject section */
		8E2452F62BF761B3004EB92F /* Project object */ = {
			isa = PBXProject;
			attributes = {
				BuildIndependentTargetsInParallel = 1;
				LastSwiftUpdateCheck = 1530;
				LastUpgradeCheck = 1530;
				TargetAttributes = {
					8E2452FD2BF761B3004EB92F = {
						CreatedOnToolsVersion = 15.3;
					};
					8E2453162BF761B3004EB92F = {
						CreatedOnToolsVersion = 15.3;
						TestTargetID = 8E2452FD2BF761B3004EB92F;
					};
					8E2453202BF761B3004EB92F = {
						CreatedOnToolsVersion = 15.3;
						TestTargetID = 8E2452FD2BF761B3004EB92F;
					};
				};
			};
			buildConfigurationList = 8E2452F92BF761B3004EB92F /* Build configuration list for PBXProject "DictionaryApp" */;
			compatibilityVersion = "Xcode 14.0";
			developmentRegion = en;
			hasScannedForEncodings = 0;
			knownRegions = (
				en,
				Base,
			);
			mainGroup = 8E2452F52BF761B3004EB92F;
			productRefGroup = 8E2452FF2BF761B3004EB92F /* Products */;
			projectDirPath = "";
			projectRoot = "";
			targets = (
				8E2452FD2BF761B3004EB92F /* DictionaryApp */,
				8E2453162BF761B3004EB92F /* DictionaryAppTests */,
				8E2453202BF761B3004EB92F /* DictionaryAppUITests */,
			);
		};
/* End PBXProject section */

/* Begin PBXResourcesBuildPhase section */
		8E2452FC2BF761B3004EB92F /* Resources */ = {
			isa = PBXResourcesBuildPhase;
			buildActionMask = 2147483647;
			files = (
				8E24530E2BF761B3004EB92F /* Assets.xcassets in Resources */,
				8EA1C8BA2BF92BB7007D8036 /* DetailViewController.xib in Resources */,
				8E2453112BF761B3004EB92F /* Base in Resources */,
				8E66002C2BFF7919005178AE /* SynonymCell.xib in Resources */,
				8EF4DB132BFCAE01008957C7 /* DetailViewCell.xib in Resources */,
				8E2453092BF761B3004EB92F /* Base in Resources */,
				8EA068902BF784DD00A598FF /* SplashViewController.xib in Resources */,
			);
			runOnlyForDeploymentPostprocessing = 0;
		};
		8E2453152BF761B3004EB92F /* Resources */ = {
			isa = PBXResourcesBuildPhase;
			buildActionMask = 2147483647;
			files = (
			);
			runOnlyForDeploymentPostprocessing = 0;
		};
		8E24531F2BF761B3004EB92F /* Resources */ = {
			isa = PBXResourcesBuildPhase;
			buildActionMask = 2147483647;
			files = (
			);
			runOnlyForDeploymentPostprocessing = 0;
		};
/* End PBXResourcesBuildPhase section */

/* Begin PBXSourcesBuildPhase section */
		8E2452FA2BF761B3004EB92F /* Sources */ = {
			isa = PBXSourcesBuildPhase;
			buildActionMask = 2147483647;
			files = (
				8E24530C2BF761B3004EB92F /* DictionaryApp.xcdatamodeld in Sources */,
				8E3925BF2BF7775A004F65E7 /* DetailRouter.swift in Sources */,
				8E3925BD2BF77751004F65E7 /* DetailInteractor.swift in Sources */,
				8EF4DB122BFCAE01008957C7 /* DetailViewCell.swift in Sources */,
				8E3925B52BF776F3004F65E7 /* SplashInteractor.swift in Sources */,
				8E3925BB2BF77746004F65E7 /* DetailPresenter.swift in Sources */,
				8E3925C72BF7778C004F65E7 /* SearchRouter.swift in Sources */,
				8E3925C52BF7777D004F65E7 /* SearchInteractor.swift in Sources */,
				8E66002D2BFF7919005178AE /* SynonymCell.swift in Sources */,
				8E01032C2BFB574100175A55 /* SearchEntity.swift in Sources */,
				8EA1C8BB2BF92BB7007D8036 /* DetailViewController.swift in Sources */,
				8E48FA5F2BFB76C1005A6C1F /* LoadingShowable.swift in Sources */,
				8E3925B72BF776FF004F65E7 /* SplashRouter.swift in Sources */,
				8E3925B32BF776E1004F65E7 /* SplashPresenter.swift in Sources */,
				8E48FA652BFB7776005A6C1F /* UITableViewCell.swift in Sources */,
				8E2453022BF761B3004EB92F /* AppDelegate.swift in Sources */,
				8EA068932BF787CF00A598FF /* SearchViewController.swift in Sources */,
				8E3925C32BF77771004F65E7 /* SearchPresenter.swift in Sources */,
				8E2453042BF761B3004EB92F /* SceneDelegate.swift in Sources */,
				8EA0688C2BF77ABF00A598FF /* BaseViewController.swift in Sources */,
				8E48FA632BFB7767005A6C1F /* UITableView.swift in Sources */,
				8E48FA612BFB76FC005A6C1F /* LoadingView.swift in Sources */,
				8EA0688F2BF784DD00A598FF /* SplashViewController.swift in Sources */,
			);
			runOnlyForDeploymentPostprocessing = 0;
		};
		8E2453132BF761B3004EB92F /* Sources */ = {
			isa = PBXSourcesBuildPhase;
			buildActionMask = 2147483647;
			files = (
				8E24531C2BF761B3004EB92F /* DictionaryAppTests.swift in Sources */,
			);
			runOnlyForDeploymentPostprocessing = 0;
		};
		8E24531D2BF761B3004EB92F /* Sources */ = {
			isa = PBXSourcesBuildPhase;
			buildActionMask = 2147483647;
			files = (
				8E2453282BF761B3004EB92F /* DictionaryAppUITestsLaunchTests.swift in Sources */,
				8E2453262BF761B3004EB92F /* DictionaryAppUITests.swift in Sources */,
			);
			runOnlyForDeploymentPostprocessing = 0;
		};
/* End PBXSourcesBuildPhase section */

/* Begin PBXTargetDependency section */
		8E2453192BF761B3004EB92F /* PBXTargetDependency */ = {
			isa = PBXTargetDependency;
			target = 8E2452FD2BF761B3004EB92F /* DictionaryApp */;
			targetProxy = 8E2453182BF761B3004EB92F /* PBXContainerItemProxy */;
		};
		8E2453232BF761B3004EB92F /* PBXTargetDependency */ = {
			isa = PBXTargetDependency;
			target = 8E2452FD2BF761B3004EB92F /* DictionaryApp */;
			targetProxy = 8E2453222BF761B3004EB92F /* PBXContainerItemProxy */;
		};
/* End PBXTargetDependency section */

/* Begin PBXVariantGroup section */
		8E2453072BF761B3004EB92F /* Main.storyboard */ = {
			isa = PBXVariantGroup;
			children = (
				8E2453082BF761B3004EB92F /* Base */,
			);
			name = Main.storyboard;
			sourceTree = "<group>";
		};
		8E24530F2BF761B3004EB92F /* LaunchScreen.storyboard */ = {
			isa = PBXVariantGroup;
			children = (
				8E2453102BF761B3004EB92F /* Base */,
			);
			name = LaunchScreen.storyboard;
			sourceTree = "<group>";
		};
/* End PBXVariantGroup section */

/* Begin XCBuildConfiguration section */
		8E2453292BF761B3004EB92F /* Debug */ = {
			isa = XCBuildConfiguration;
			buildSettings = {
				ALWAYS_SEARCH_USER_PATHS = NO;
				ASSETCATALOG_COMPILER_GENERATE_SWIFT_ASSET_SYMBOL_EXTENSIONS = YES;
				CLANG_ANALYZER_NONNULL = YES;
				CLANG_ANALYZER_NUMBER_OBJECT_CONVERSION = YES_AGGRESSIVE;
				CLANG_CXX_LANGUAGE_STANDARD = "gnu++20";
				CLANG_ENABLE_MODULES = YES;
				CLANG_ENABLE_OBJC_ARC = YES;
				CLANG_ENABLE_OBJC_WEAK = YES;
				CLANG_WARN_BLOCK_CAPTURE_AUTORELEASING = YES;
				CLANG_WARN_BOOL_CONVERSION = YES;
				CLANG_WARN_COMMA = YES;
				CLANG_WARN_CONSTANT_CONVERSION = YES;
				CLANG_WARN_DEPRECATED_OBJC_IMPLEMENTATIONS = YES;
				CLANG_WARN_DIRECT_OBJC_ISA_USAGE = YES_ERROR;
				CLANG_WARN_DOCUMENTATION_COMMENTS = YES;
				CLANG_WARN_EMPTY_BODY = YES;
				CLANG_WARN_ENUM_CONVERSION = YES;
				CLANG_WARN_INFINITE_RECURSION = YES;
				CLANG_WARN_INT_CONVERSION = YES;
				CLANG_WARN_NON_LITERAL_NULL_CONVERSION = YES;
				CLANG_WARN_OBJC_IMPLICIT_RETAIN_SELF = YES;
				CLANG_WARN_OBJC_LITERAL_CONVERSION = YES;
				CLANG_WARN_OBJC_ROOT_CLASS = YES_ERROR;
				CLANG_WARN_QUOTED_INCLUDE_IN_FRAMEWORK_HEADER = YES;
				CLANG_WARN_RANGE_LOOP_ANALYSIS = YES;
				CLANG_WARN_STRICT_PROTOTYPES = YES;
				CLANG_WARN_SUSPICIOUS_MOVE = YES;
				CLANG_WARN_UNGUARDED_AVAILABILITY = YES_AGGRESSIVE;
				CLANG_WARN_UNREACHABLE_CODE = YES;
				CLANG_WARN__DUPLICATE_METHOD_MATCH = YES;
				COPY_PHASE_STRIP = NO;
				DEBUG_INFORMATION_FORMAT = dwarf;
				ENABLE_STRICT_OBJC_MSGSEND = YES;
				ENABLE_TESTABILITY = YES;
				ENABLE_USER_SCRIPT_SANDBOXING = YES;
				GCC_C_LANGUAGE_STANDARD = gnu17;
				GCC_DYNAMIC_NO_PIC = NO;
				GCC_NO_COMMON_BLOCKS = YES;
				GCC_OPTIMIZATION_LEVEL = 0;
				GCC_PREPROCESSOR_DEFINITIONS = (
					"DEBUG=1",
					"$(inherited)",
				);
				GCC_WARN_64_TO_32_BIT_CONVERSION = YES;
				GCC_WARN_ABOUT_RETURN_TYPE = YES_ERROR;
				GCC_WARN_UNDECLARED_SELECTOR = YES;
				GCC_WARN_UNINITIALIZED_AUTOS = YES_AGGRESSIVE;
				GCC_WARN_UNUSED_FUNCTION = YES;
				GCC_WARN_UNUSED_VARIABLE = YES;
				IPHONEOS_DEPLOYMENT_TARGET = 17.4;
				LOCALIZATION_PREFERS_STRING_CATALOGS = YES;
				MTL_ENABLE_DEBUG_INFO = INCLUDE_SOURCE;
				MTL_FAST_MATH = YES;
				ONLY_ACTIVE_ARCH = YES;
				SDKROOT = iphoneos;
				SWIFT_ACTIVE_COMPILATION_CONDITIONS = "DEBUG $(inherited)";
				SWIFT_OPTIMIZATION_LEVEL = "-Onone";
			};
			name = Debug;
		};
		8E24532A2BF761B3004EB92F /* Release */ = {
			isa = XCBuildConfiguration;
			buildSettings = {
				ALWAYS_SEARCH_USER_PATHS = NO;
				ASSETCATALOG_COMPILER_GENERATE_SWIFT_ASSET_SYMBOL_EXTENSIONS = YES;
				CLANG_ANALYZER_NONNULL = YES;
				CLANG_ANALYZER_NUMBER_OBJECT_CONVERSION = YES_AGGRESSIVE;
				CLANG_CXX_LANGUAGE_STANDARD = "gnu++20";
				CLANG_ENABLE_MODULES = YES;
				CLANG_ENABLE_OBJC_ARC = YES;
				CLANG_ENABLE_OBJC_WEAK = YES;
				CLANG_WARN_BLOCK_CAPTURE_AUTORELEASING = YES;
				CLANG_WARN_BOOL_CONVERSION = YES;
				CLANG_WARN_COMMA = YES;
				CLANG_WARN_CONSTANT_CONVERSION = YES;
				CLANG_WARN_DEPRECATED_OBJC_IMPLEMENTATIONS = YES;
				CLANG_WARN_DIRECT_OBJC_ISA_USAGE = YES_ERROR;
				CLANG_WARN_DOCUMENTATION_COMMENTS = YES;
				CLANG_WARN_EMPTY_BODY = YES;
				CLANG_WARN_ENUM_CONVERSION = YES;
				CLANG_WARN_INFINITE_RECURSION = YES;
				CLANG_WARN_INT_CONVERSION = YES;
				CLANG_WARN_NON_LITERAL_NULL_CONVERSION = YES;
				CLANG_WARN_OBJC_IMPLICIT_RETAIN_SELF = YES;
				CLANG_WARN_OBJC_LITERAL_CONVERSION = YES;
				CLANG_WARN_OBJC_ROOT_CLASS = YES_ERROR;
				CLANG_WARN_QUOTED_INCLUDE_IN_FRAMEWORK_HEADER = YES;
				CLANG_WARN_RANGE_LOOP_ANALYSIS = YES;
				CLANG_WARN_STRICT_PROTOTYPES = YES;
				CLANG_WARN_SUSPICIOUS_MOVE = YES;
				CLANG_WARN_UNGUARDED_AVAILABILITY = YES_AGGRESSIVE;
				CLANG_WARN_UNREACHABLE_CODE = YES;
				CLANG_WARN__DUPLICATE_METHOD_MATCH = YES;
				COPY_PHASE_STRIP = NO;
				DEBUG_INFORMATION_FORMAT = "dwarf-with-dsym";
				ENABLE_NS_ASSERTIONS = NO;
				ENABLE_STRICT_OBJC_MSGSEND = YES;
				ENABLE_USER_SCRIPT_SANDBOXING = YES;
				GCC_C_LANGUAGE_STANDARD = gnu17;
				GCC_NO_COMMON_BLOCKS = YES;
				GCC_WARN_64_TO_32_BIT_CONVERSION = YES;
				GCC_WARN_ABOUT_RETURN_TYPE = YES_ERROR;
				GCC_WARN_UNDECLARED_SELECTOR = YES;
				GCC_WARN_UNINITIALIZED_AUTOS = YES_AGGRESSIVE;
				GCC_WARN_UNUSED_FUNCTION = YES;
				GCC_WARN_UNUSED_VARIABLE = YES;
				IPHONEOS_DEPLOYMENT_TARGET = 17.4;
				LOCALIZATION_PREFERS_STRING_CATALOGS = YES;
				MTL_ENABLE_DEBUG_INFO = NO;
				MTL_FAST_MATH = YES;
				SDKROOT = iphoneos;
				SWIFT_COMPILATION_MODE = wholemodule;
				VALIDATE_PRODUCT = YES;
			};
			name = Release;
		};
		8E24532C2BF761B3004EB92F /* Debug */ = {
			isa = XCBuildConfiguration;
			buildSettings = {
				ASSETCATALOG_COMPILER_APPICON_NAME = AppIcon;
				ASSETCATALOG_COMPILER_GLOBAL_ACCENT_COLOR_NAME = AccentColor;
				CODE_SIGN_STYLE = Automatic;
				CURRENT_PROJECT_VERSION = 1;
				GENERATE_INFOPLIST_FILE = YES;
				INFOPLIST_FILE = DictionaryApp/Info.plist;
				INFOPLIST_KEY_UIApplicationSupportsIndirectInputEvents = YES;
				INFOPLIST_KEY_UILaunchStoryboardName = LaunchScreen;
				INFOPLIST_KEY_UIMainStoryboardFile = Main;
				INFOPLIST_KEY_UISupportedInterfaceOrientations_iPad = "UIInterfaceOrientationPortrait UIInterfaceOrientationPortraitUpsideDown UIInterfaceOrientationLandscapeLeft UIInterfaceOrientationLandscapeRight";
				INFOPLIST_KEY_UISupportedInterfaceOrientations_iPhone = "UIInterfaceOrientationPortrait UIInterfaceOrientationLandscapeLeft UIInterfaceOrientationLandscapeRight";
				LD_RUNPATH_SEARCH_PATHS = (
					"$(inherited)",
					"@executable_path/Frameworks",
				);
				MARKETING_VERSION = 1.0;
				PRODUCT_BUNDLE_IDENTIFIER = com.cemalhanalptekin.DictionaryApp;
				PRODUCT_NAME = "$(TARGET_NAME)";
				SWIFT_EMIT_LOC_STRINGS = YES;
				SWIFT_VERSION = 5.0;
				TARGETED_DEVICE_FAMILY = "1,2";
			};
			name = Debug;
		};
		8E24532D2BF761B3004EB92F /* Release */ = {
			isa = XCBuildConfiguration;
			buildSettings = {
				ASSETCATALOG_COMPILER_APPICON_NAME = AppIcon;
				ASSETCATALOG_COMPILER_GLOBAL_ACCENT_COLOR_NAME = AccentColor;
				CODE_SIGN_STYLE = Automatic;
				CURRENT_PROJECT_VERSION = 1;
				GENERATE_INFOPLIST_FILE = YES;
				INFOPLIST_FILE = DictionaryApp/Info.plist;
				INFOPLIST_KEY_UIApplicationSupportsIndirectInputEvents = YES;
				INFOPLIST_KEY_UILaunchStoryboardName = LaunchScreen;
				INFOPLIST_KEY_UIMainStoryboardFile = Main;
				INFOPLIST_KEY_UISupportedInterfaceOrientations_iPad = "UIInterfaceOrientationPortrait UIInterfaceOrientationPortraitUpsideDown UIInterfaceOrientationLandscapeLeft UIInterfaceOrientationLandscapeRight";
				INFOPLIST_KEY_UISupportedInterfaceOrientations_iPhone = "UIInterfaceOrientationPortrait UIInterfaceOrientationLandscapeLeft UIInterfaceOrientationLandscapeRight";
				LD_RUNPATH_SEARCH_PATHS = (
					"$(inherited)",
					"@executable_path/Frameworks",
				);
				MARKETING_VERSION = 1.0;
				PRODUCT_BUNDLE_IDENTIFIER = com.cemalhanalptekin.DictionaryApp;
				PRODUCT_NAME = "$(TARGET_NAME)";
				SWIFT_EMIT_LOC_STRINGS = YES;
				SWIFT_VERSION = 5.0;
				TARGETED_DEVICE_FAMILY = "1,2";
			};
			name = Release;
		};
		8E24532F2BF761B3004EB92F /* Debug */ = {
			isa = XCBuildConfiguration;
			buildSettings = {
				ALWAYS_EMBED_SWIFT_STANDARD_LIBRARIES = YES;
				BUNDLE_LOADER = "$(TEST_HOST)";
				CODE_SIGN_STYLE = Automatic;
				CURRENT_PROJECT_VERSION = 1;
				GENERATE_INFOPLIST_FILE = YES;
				IPHONEOS_DEPLOYMENT_TARGET = 17.4;
				MARKETING_VERSION = 1.0;
				PRODUCT_BUNDLE_IDENTIFIER = com.cemalhanalptekin.DictionaryAppTests;
				PRODUCT_NAME = "$(TARGET_NAME)";
				SWIFT_EMIT_LOC_STRINGS = NO;
				SWIFT_VERSION = 5.0;
				TARGETED_DEVICE_FAMILY = "1,2";
				TEST_HOST = "$(BUILT_PRODUCTS_DIR)/DictionaryApp.app/$(BUNDLE_EXECUTABLE_FOLDER_PATH)/DictionaryApp";
			};
			name = Debug;
		};
		8E2453302BF761B3004EB92F /* Release */ = {
			isa = XCBuildConfiguration;
			buildSettings = {
				ALWAYS_EMBED_SWIFT_STANDARD_LIBRARIES = YES;
				BUNDLE_LOADER = "$(TEST_HOST)";
				CODE_SIGN_STYLE = Automatic;
				CURRENT_PROJECT_VERSION = 1;
				GENERATE_INFOPLIST_FILE = YES;
				IPHONEOS_DEPLOYMENT_TARGET = 17.4;
				MARKETING_VERSION = 1.0;
				PRODUCT_BUNDLE_IDENTIFIER = com.cemalhanalptekin.DictionaryAppTests;
				PRODUCT_NAME = "$(TARGET_NAME)";
				SWIFT_EMIT_LOC_STRINGS = NO;
				SWIFT_VERSION = 5.0;
				TARGETED_DEVICE_FAMILY = "1,2";
				TEST_HOST = "$(BUILT_PRODUCTS_DIR)/DictionaryApp.app/$(BUNDLE_EXECUTABLE_FOLDER_PATH)/DictionaryApp";
			};
			name = Release;
		};
		8E2453322BF761B3004EB92F /* Debug */ = {
			isa = XCBuildConfiguration;
			buildSettings = {
				ALWAYS_EMBED_SWIFT_STANDARD_LIBRARIES = YES;
				CODE_SIGN_STYLE = Automatic;
				CURRENT_PROJECT_VERSION = 1;
				GENERATE_INFOPLIST_FILE = YES;
				MARKETING_VERSION = 1.0;
				PRODUCT_BUNDLE_IDENTIFIER = com.cemalhanalptekin.DictionaryAppUITests;
				PRODUCT_NAME = "$(TARGET_NAME)";
				SWIFT_EMIT_LOC_STRINGS = NO;
				SWIFT_VERSION = 5.0;
				TARGETED_DEVICE_FAMILY = "1,2";
				TEST_TARGET_NAME = DictionaryApp;
			};
			name = Debug;
		};
		8E2453332BF761B3004EB92F /* Release */ = {
			isa = XCBuildConfiguration;
			buildSettings = {
				ALWAYS_EMBED_SWIFT_STANDARD_LIBRARIES = YES;
				CODE_SIGN_STYLE = Automatic;
				CURRENT_PROJECT_VERSION = 1;
				GENERATE_INFOPLIST_FILE = YES;
				MARKETING_VERSION = 1.0;
				PRODUCT_BUNDLE_IDENTIFIER = com.cemalhanalptekin.DictionaryAppUITests;
				PRODUCT_NAME = "$(TARGET_NAME)";
				SWIFT_EMIT_LOC_STRINGS = NO;
				SWIFT_VERSION = 5.0;
				TARGETED_DEVICE_FAMILY = "1,2";
				TEST_TARGET_NAME = DictionaryApp;
			};
			name = Release;
		};
/* End XCBuildConfiguration section */

/* Begin XCConfigurationList section */
		8E2452F92BF761B3004EB92F /* Build configuration list for PBXProject "DictionaryApp" */ = {
			isa = XCConfigurationList;
			buildConfigurations = (
				8E2453292BF761B3004EB92F /* Debug */,
				8E24532A2BF761B3004EB92F /* Release */,
			);
			defaultConfigurationIsVisible = 0;
			defaultConfigurationName = Release;
		};
		8E24532B2BF761B3004EB92F /* Build configuration list for PBXNativeTarget "DictionaryApp" */ = {
			isa = XCConfigurationList;
			buildConfigurations = (
				8E24532C2BF761B3004EB92F /* Debug */,
				8E24532D2BF761B3004EB92F /* Release */,
			);
			defaultConfigurationIsVisible = 0;
			defaultConfigurationName = Release;
		};
		8E24532E2BF761B3004EB92F /* Build configuration list for PBXNativeTarget "DictionaryAppTests" */ = {
			isa = XCConfigurationList;
			buildConfigurations = (
				8E24532F2BF761B3004EB92F /* Debug */,
				8E2453302BF761B3004EB92F /* Release */,
			);
			defaultConfigurationIsVisible = 0;
			defaultConfigurationName = Release;
		};
		8E2453312BF761B3004EB92F /* Build configuration list for PBXNativeTarget "DictionaryAppUITests" */ = {
			isa = XCConfigurationList;
			buildConfigurations = (
				8E2453322BF761B3004EB92F /* Debug */,
				8E2453332BF761B3004EB92F /* Release */,
			);
			defaultConfigurationIsVisible = 0;
			defaultConfigurationName = Release;
		};
/* End XCConfigurationList section */

/* Begin XCSwiftPackageProductDependency section */
		8E2453352BF761E7004EB92F /* DictionaryAPI */ = {
			isa = XCSwiftPackageProductDependency;
			productName = DictionaryAPI;
		};
/* End XCSwiftPackageProductDependency section */

/* Begin XCVersionGroup section */
		8E24530A2BF761B3004EB92F /* DictionaryApp.xcdatamodeld */ = {
			isa = XCVersionGroup;
			children = (
				8E24530B2BF761B3004EB92F /* DictionaryApp.xcdatamodel */,
			);
			currentVersion = 8E24530B2BF761B3004EB92F /* DictionaryApp.xcdatamodel */;
			path = DictionaryApp.xcdatamodeld;
			sourceTree = "<group>";
			versionGroupType = wrapper.xcdatamodel;
		};
/* End XCVersionGroup section */
	};
	rootObject = 8E2452F62BF761B3004EB92F /* Project object */;
}
